
Microsoft Visual Studio Solution File, Format Version 12.00
# Visual Studio Version 16
VisualStudioVersion = 16.0.34031.81
MinimumVisualStudioVersion = 10.0.40219.1
Project("{FAE04EC0-301F-11D3-BF4B-00C04F79EFBC}") = "muchtarullah1", "muchtarullah1\muchtarullah1.csproj", "{58744ED4-AC24-4FF2-9E14-143792A2CA36}"
EndProject
Global
	GlobalSection(SolutionConfigurationPlatforms) = preSolution
		Debug|Any CPU = Debug|Any CPU
		Release|Any CPU = Release|Any CPU
	EndGlobalSection
	GlobalSection(ProjectConfigurationPlatforms) = postSolution
		{58744ED4-AC24-4FF2-9E14-143792A2CA36}.Debug|Any CPU.ActiveCfg = Debug|Any CPU
		{58744ED4-AC24-4FF2-9E14-143792A2CA36}.Debug|Any CPU.Build.0 = Debug|Any CPU
		{58744ED4-AC24-4FF2-9E14-143792A2CA36}.Release|Any CPU.ActiveCfg = Release|Any CPU
		{58744ED4-AC24-4FF2-9E14-143792A2CA36}.Release|Any CPU.Build.0 = Release|Any CPU
	EndGlobalSection
	GlobalSection(SolutionProperties) = preSolution
		HideSolutionNode = FALSE
	EndGlobalSection
	GlobalSection(ExtensibilityGlobals) = postSolution
		SolutionGuid = {4827FAC7-5A3F-426D-A825-58D3CF63A79B}
	EndGlobalSection
EndGlobal
